
Microsoft Visual Studio Solution File, Format Version 12.00
# Visual Studio Version 16
VisualStudioVersion = 16.0.29306.81
MinimumVisualStudioVersion = 10.0.40219.1
Project("{FAE04EC0-301F-11D3-BF4B-00C04F79EFBC}") = "Minigames", "Minigames\Minigames.csproj", "{56E0E4E6-C1DB-44B6-BDEC-AFEC0E35F443}"
EndProject
Global
	GlobalSection(SolutionConfigurationPlatforms) = preSolution
		Debug|Any CPU = Debug|Any CPU
		Release|Any CPU = Release|Any CPU
	EndGlobalSection
	GlobalSection(ProjectConfigurationPlatforms) = postSolution
		{56E0E4E6-C1DB-44B6-BDEC-AFEC0E35F443}.Debug|Any CPU.ActiveCfg = Debug|Any CPU
		{56E0E4E6-C1DB-44B6-BDEC-AFEC0E35F443}.Debug|Any CPU.Build.0 = Debug|Any CPU
		{56E0E4E6-C1DB-44B6-BDEC-AFEC0E35F443}.Release|Any CPU.ActiveCfg = Release|Any CPU
		{56E0E4E6-C1DB-44B6-BDEC-AFEC0E35F443}.Release|Any CPU.Build.0 = Release|Any CPU
	EndGlobalSection
	GlobalSection(SolutionProperties) = preSolution
		HideSolutionNode = FALSE
	EndGlobalSection
	GlobalSection(ExtensibilityGlobals) = postSolution
		SolutionGuid = {6451EB8A-1505-4C57-A56F-E27549C0B284}
	EndGlobalSection
EndGlobal
